
Microsoft Visual Studio Solution File, Format Version 12.00
# Visual Studio Express 15 for Windows Desktop
VisualStudioVersion = 15.0.28307.168
MinimumVisualStudioVersion = 10.0.40219.1
Project("{FAE04EC0-301F-11D3-BF4B-00C04F79EFBC}") = "DevOps Deployment Package", "DevOps Deployment Package\DevOps Deployment Package.csproj", "{170C0103-3F94-4896-9062-6314167F596A}"
EndProject
Project("{FAE04EC0-301F-11D3-BF4B-00C04F79EFBC}") = "Plugin", "Plugin\Plugin.csproj", "{E7A98804-DCC4-432D-8202-6877E6335109}"
EndProject
Project("{2150E333-8FDC-42A3-9474-1A3956D46DE8}") = "WebRespurces", "WebRespurces", "{AA407D7E-6159-4720-8A63-174185F67AA2}"
	ProjectSection(SolutionItems) = preProject
		..\..\JavaScript\copyPhone.js = ..\..\JavaScript\copyPhone.js
	EndProjectSection
EndProject
Global
	GlobalSection(SolutionConfigurationPlatforms) = preSolution
		Debug|Any CPU = Debug|Any CPU
		Release|Any CPU = Release|Any CPU
	EndGlobalSection
	GlobalSection(ProjectConfigurationPlatforms) = postSolution
		{170C0103-3F94-4896-9062-6314167F596A}.Debug|Any CPU.ActiveCfg = Debug|Any CPU
		{170C0103-3F94-4896-9062-6314167F596A}.Debug|Any CPU.Build.0 = Debug|Any CPU
		{170C0103-3F94-4896-9062-6314167F596A}.Release|Any CPU.ActiveCfg = Release|Any CPU
		{170C0103-3F94-4896-9062-6314167F596A}.Release|Any CPU.Build.0 = Release|Any CPU
		{E7A98804-DCC4-432D-8202-6877E6335109}.Debug|Any CPU.ActiveCfg = Debug|Any CPU
		{E7A98804-DCC4-432D-8202-6877E6335109}.Debug|Any CPU.Build.0 = Debug|Any CPU
		{E7A98804-DCC4-432D-8202-6877E6335109}.Release|Any CPU.ActiveCfg = Release|Any CPU
		{E7A98804-DCC4-432D-8202-6877E6335109}.Release|Any CPU.Build.0 = Release|Any CPU
	EndGlobalSection
	GlobalSection(SolutionProperties) = preSolution
		HideSolutionNode = FALSE
	EndGlobalSection
	GlobalSection(ExtensibilityGlobals) = postSolution
		SolutionGuid = {F4E28E48-9FA0-4F36-A5C2-01310355E2ED}
	EndGlobalSection
EndGlobal
